
Microsoft Visual Studio Solution File, Format Version 12.00
# Visual Studio Version 16
VisualStudioVersion = 16.0.29020.237
MinimumVisualStudioVersion = 10.0.40219.1
Project("{FAE04EC0-301F-11D3-BF4B-00C04F79EFBC}") = "Graphs", "Graphs\Graphs.csproj", "{5D120426-81A7-47F1-9219-E0427F20F4C3}"
EndProject
Global
	GlobalSection(SolutionConfigurationPlatforms) = preSolution
		Debug|Any CPU = Debug|Any CPU
		Release|Any CPU = Release|Any CPU
	EndGlobalSection
	GlobalSection(ProjectConfigurationPlatforms) = postSolution
		{5D120426-81A7-47F1-9219-E0427F20F4C3}.Debug|Any CPU.ActiveCfg = Debug|Any CPU
		{5D120426-81A7-47F1-9219-E0427F20F4C3}.Debug|Any CPU.Build.0 = Debug|Any CPU
		{5D120426-81A7-47F1-9219-E0427F20F4C3}.Release|Any CPU.ActiveCfg = Release|Any CPU
		{5D120426-81A7-47F1-9219-E0427F20F4C3}.Release|Any CPU.Build.0 = Release|Any CPU
	EndGlobalSection
	GlobalSection(SolutionProperties) = preSolution
		HideSolutionNode = FALSE
	EndGlobalSection
	GlobalSection(ExtensibilityGlobals) = postSolution
		SolutionGuid = {259EE889-D137-4247-9E1A-0F23AD4AB578}
	EndGlobalSection
EndGlobal
